
Microsoft Visual Studio Solution File, Format Version 12.00
# Visual Studio Version 17
VisualStudioVersion = 17.4.33122.133
MinimumVisualStudioVersion = 10.0.40219.1
Project("{9A19103F-16F7-4668-BE54-9A1E7A4F7556}") = "Web", "Web\Web.csproj", "{9916662A-BFF8-4424-8A25-EE4AC27BE855}"
EndProject
Project("{2150E333-8FDC-42A3-9474-1A3956D46DE8}") = "src", "src", "{ECBC5F8F-216A-4D8C-ADBF-E748F45B71C0}"
EndProject
Project("{2150E333-8FDC-42A3-9474-1A3956D46DE8}") = "Core", "Core", "{F89748C7-4A7C-438F-B0C4-47137B42C4CA}"
EndProject
Project("{2150E333-8FDC-42A3-9474-1A3956D46DE8}") = "External", "External", "{21EB599A-6D8A-4630-A335-314914D6A96F}"
EndProject
Project("{9A19103F-16F7-4668-BE54-9A1E7A4F7556}") = "Domain", "Domain\Domain.csproj", "{F60E8D8E-F884-4EAF-930F-F0DB8A851CEF}"
EndProject
Project("{9A19103F-16F7-4668-BE54-9A1E7A4F7556}") = "Application", "Application\Application.csproj", "{6F647D0E-32E9-4FD1-BA12-3157F6F19917}"
EndProject
Project("{9A19103F-16F7-4668-BE54-9A1E7A4F7556}") = "Infrastructure", "Infrastructure\Infrastructure.csproj", "{FA17A744-C281-48CB-809A-C653DF28A3CB}"
EndProject
Project("{9A19103F-16F7-4668-BE54-9A1E7A4F7556}") = "Presentation", "Presentation\Presentation.csproj", "{4CDCA421-F634-46FA-90EC-B338F07E80EA}"
EndProject
Project("{2150E333-8FDC-42A3-9474-1A3956D46DE8}") = "test", "test", "{24D3C61C-6628-4F76-A90F-F2548BA21CD8}"
EndProject
Project("{9A19103F-16F7-4668-BE54-9A1E7A4F7556}") = "OpenMenu.Tests", "Architecture.Tests\OpenMenu.Tests.csproj", "{57051FD7-7600-48DA-96E8-E4FB4ED33313}"
EndProject
Project("{9A19103F-16F7-4668-BE54-9A1E7A4F7556}") = "Common", "Common\Common.csproj", "{B974FF1B-9157-4BEC-AAC1-CE93F3EC8B0F}"
EndProject
Global
	GlobalSection(SolutionConfigurationPlatforms) = preSolution
		Debug|Any CPU = Debug|Any CPU
		Release|Any CPU = Release|Any CPU
	EndGlobalSection
	GlobalSection(ProjectConfigurationPlatforms) = postSolution
		{9916662A-BFF8-4424-8A25-EE4AC27BE855}.Debug|Any CPU.ActiveCfg = Debug|Any CPU
		{9916662A-BFF8-4424-8A25-EE4AC27BE855}.Debug|Any CPU.Build.0 = Debug|Any CPU
		{9916662A-BFF8-4424-8A25-EE4AC27BE855}.Release|Any CPU.ActiveCfg = Release|Any CPU
		{9916662A-BFF8-4424-8A25-EE4AC27BE855}.Release|Any CPU.Build.0 = Release|Any CPU
		{F60E8D8E-F884-4EAF-930F-F0DB8A851CEF}.Debug|Any CPU.ActiveCfg = Debug|Any CPU
		{F60E8D8E-F884-4EAF-930F-F0DB8A851CEF}.Debug|Any CPU.Build.0 = Debug|Any CPU
		{F60E8D8E-F884-4EAF-930F-F0DB8A851CEF}.Release|Any CPU.ActiveCfg = Release|Any CPU
		{F60E8D8E-F884-4EAF-930F-F0DB8A851CEF}.Release|Any CPU.Build.0 = Release|Any CPU
		{6F647D0E-32E9-4FD1-BA12-3157F6F19917}.Debug|Any CPU.ActiveCfg = Debug|Any CPU
		{6F647D0E-32E9-4FD1-BA12-3157F6F19917}.Debug|Any CPU.Build.0 = Debug|Any CPU
		{6F647D0E-32E9-4FD1-BA12-3157F6F19917}.Release|Any CPU.ActiveCfg = Release|Any CPU
		{6F647D0E-32E9-4FD1-BA12-3157F6F19917}.Release|Any CPU.Build.0 = Release|Any CPU
		{FA17A744-C281-48CB-809A-C653DF28A3CB}.Debug|Any CPU.ActiveCfg = Debug|Any CPU
		{FA17A744-C281-48CB-809A-C653DF28A3CB}.Debug|Any CPU.Build.0 = Debug|Any CPU
		{FA17A744-C281-48CB-809A-C653DF28A3CB}.Release|Any CPU.ActiveCfg = Release|Any CPU
		{FA17A744-C281-48CB-809A-C653DF28A3CB}.Release|Any CPU.Build.0 = Release|Any CPU
		{4CDCA421-F634-46FA-90EC-B338F07E80EA}.Debug|Any CPU.ActiveCfg = Debug|Any CPU
		{4CDCA421-F634-46FA-90EC-B338F07E80EA}.Debug|Any CPU.Build.0 = Debug|Any CPU
		{4CDCA421-F634-46FA-90EC-B338F07E80EA}.Release|Any CPU.ActiveCfg = Release|Any CPU
		{4CDCA421-F634-46FA-90EC-B338F07E80EA}.Release|Any CPU.Build.0 = Release|Any CPU
		{57051FD7-7600-48DA-96E8-E4FB4ED33313}.Debug|Any CPU.ActiveCfg = Debug|Any CPU
		{57051FD7-7600-48DA-96E8-E4FB4ED33313}.Debug|Any CPU.Build.0 = Debug|Any CPU
		{57051FD7-7600-48DA-96E8-E4FB4ED33313}.Release|Any CPU.ActiveCfg = Release|Any CPU
		{57051FD7-7600-48DA-96E8-E4FB4ED33313}.Release|Any CPU.Build.0 = Release|Any CPU
		{B974FF1B-9157-4BEC-AAC1-CE93F3EC8B0F}.Debug|Any CPU.ActiveCfg = Debug|Any CPU
		{B974FF1B-9157-4BEC-AAC1-CE93F3EC8B0F}.Debug|Any CPU.Build.0 = Debug|Any CPU
		{B974FF1B-9157-4BEC-AAC1-CE93F3EC8B0F}.Release|Any CPU.ActiveCfg = Release|Any CPU
		{B974FF1B-9157-4BEC-AAC1-CE93F3EC8B0F}.Release|Any CPU.Build.0 = Release|Any CPU
	EndGlobalSection
	GlobalSection(SolutionProperties) = preSolution
		HideSolutionNode = FALSE
	EndGlobalSection
	GlobalSection(NestedProjects) = preSolution
		{9916662A-BFF8-4424-8A25-EE4AC27BE855} = {ECBC5F8F-216A-4D8C-ADBF-E748F45B71C0}
		{F89748C7-4A7C-438F-B0C4-47137B42C4CA} = {ECBC5F8F-216A-4D8C-ADBF-E748F45B71C0}
		{21EB599A-6D8A-4630-A335-314914D6A96F} = {ECBC5F8F-216A-4D8C-ADBF-E748F45B71C0}
		{F60E8D8E-F884-4EAF-930F-F0DB8A851CEF} = {F89748C7-4A7C-438F-B0C4-47137B42C4CA}
		{6F647D0E-32E9-4FD1-BA12-3157F6F19917} = {F89748C7-4A7C-438F-B0C4-47137B42C4CA}
		{FA17A744-C281-48CB-809A-C653DF28A3CB} = {21EB599A-6D8A-4630-A335-314914D6A96F}
		{4CDCA421-F634-46FA-90EC-B338F07E80EA} = {21EB599A-6D8A-4630-A335-314914D6A96F}
		{57051FD7-7600-48DA-96E8-E4FB4ED33313} = {24D3C61C-6628-4F76-A90F-F2548BA21CD8}
		{B974FF1B-9157-4BEC-AAC1-CE93F3EC8B0F} = {21EB599A-6D8A-4630-A335-314914D6A96F}
	EndGlobalSection
	GlobalSection(ExtensibilityGlobals) = postSolution
		SolutionGuid = {23E5DED7-55A2-438C-9EDE-A98678B667B8}
	EndGlobalSection
EndGlobal
